
Microsoft Visual Studio Solution File, Format Version 12.00
# Visual Studio Version 17
VisualStudioVersion = 17.9.34622.214
MinimumVisualStudioVersion = 10.0.40219.1
Project("{FAE04EC0-301F-11D3-BF4B-00C04F79EFBC}") = "RestaurantReservation", "RestaurantReservation\RestaurantReservation.csproj", "{3DD7349D-A302-4948-A627-5057CF2D1B8C}"
EndProject
Project("{FAE04EC0-301F-11D3-BF4B-00C04F79EFBC}") = "RestaurantReservation.Db", "RestaurantReservation.Db\RestaurantReservation.Db.csproj", "{6E526640-32E0-42FE-955E-B1B6FAEE4579}"
EndProject
Global
	GlobalSection(SolutionConfigurationPlatforms) = preSolution
		Debug|Any CPU = Debug|Any CPU
		Release|Any CPU = Release|Any CPU
	EndGlobalSection
	GlobalSection(ProjectConfigurationPlatforms) = postSolution
		{3DD7349D-A302-4948-A627-5057CF2D1B8C}.Debug|Any CPU.ActiveCfg = Debug|Any CPU
		{3DD7349D-A302-4948-A627-5057CF2D1B8C}.Debug|Any CPU.Build.0 = Debug|Any CPU
		{3DD7349D-A302-4948-A627-5057CF2D1B8C}.Release|Any CPU.ActiveCfg = Release|Any CPU
		{3DD7349D-A302-4948-A627-5057CF2D1B8C}.Release|Any CPU.Build.0 = Release|Any CPU
		{6E526640-32E0-42FE-955E-B1B6FAEE4579}.Debug|Any CPU.ActiveCfg = Debug|Any CPU
		{6E526640-32E0-42FE-955E-B1B6FAEE4579}.Debug|Any CPU.Build.0 = Debug|Any CPU
		{6E526640-32E0-42FE-955E-B1B6FAEE4579}.Release|Any CPU.ActiveCfg = Release|Any CPU
		{6E526640-32E0-42FE-955E-B1B6FAEE4579}.Release|Any CPU.Build.0 = Release|Any CPU
	EndGlobalSection
	GlobalSection(SolutionProperties) = preSolution
		HideSolutionNode = FALSE
	EndGlobalSection
	GlobalSection(ExtensibilityGlobals) = postSolution
		SolutionGuid = {6320E821-2707-4458-89B2-A6E31322C9A1}
	EndGlobalSection
EndGlobal
